// !$*UTF8*$!
{
	archiveVersion = 1;
	classes = {
	};
	objectVersion = 50;
	objects = {

/* Begin PBXBuildFile section */
		034CE6A6D7101ADE24119C2B /* Pods_PlacesInProximity.framework in Frameworks */ = {isa = PBXBuildFile; fileRef = 24CDF2D58ABBED5931190EC4 /* Pods_PlacesInProximity.framework */; };
		9055D9DB21315F2800976025 /* AppDelegate.swift in Sources */ = {isa = PBXBuildFile; fileRef = 9055D9DA21315F2800976025 /* AppDelegate.swift */; };
		9055D9E021315F2800976025 /* Main.storyboard in Resources */ = {isa = PBXBuildFile; fileRef = 9055D9DE21315F2800976025 /* Main.storyboard */; };
		9055D9E221315F2900976025 /* Assets.xcassets in Resources */ = {isa = PBXBuildFile; fileRef = 9055D9E121315F2900976025 /* Assets.xcassets */; };
		9055D9E521315F2900976025 /* LaunchScreen.storyboard in Resources */ = {isa = PBXBuildFile; fileRef = 9055D9E321315F2900976025 /* LaunchScreen.storyboard */; };
		9055D9ED2131664F00976025 /* README.md in Resources */ = {isa = PBXBuildFile; fileRef = 9055D9EC2131664F00976025 /* README.md */; };
		9055D9F82131705B00976025 /* APIService.swift in Sources */ = {isa = PBXBuildFile; fileRef = 9055D9F72131705B00976025 /* APIService.swift */; };
		9055D9FB213175AD00976025 /* AppUtility.swift in Sources */ = {isa = PBXBuildFile; fileRef = 9055D9FA213175AD00976025 /* AppUtility.swift */; };
		9055D9FD2131775D00976025 /* Places.swift in Sources */ = {isa = PBXBuildFile; fileRef = 9055D9FC2131775D00976025 /* Places.swift */; };
		9055D9FF2131776900976025 /* PlacesPhoto.swift in Sources */ = {isa = PBXBuildFile; fileRef = 9055D9FE2131776900976025 /* PlacesPhoto.swift */; };
		9055DA012131779200976025 /* PlacesCategory.swift in Sources */ = {isa = PBXBuildFile; fileRef = 9055DA002131779200976025 /* PlacesCategory.swift */; };
		9055DA032131779F00976025 /* PlacesResponse.swift in Sources */ = {isa = PBXBuildFile; fileRef = 9055DA022131779F00976025 /* PlacesResponse.swift */; };
		9055DA05213177B000976025 /* Reusable.swift in Sources */ = {isa = PBXBuildFile; fileRef = 9055DA04213177B000976025 /* Reusable.swift */; };
		9055DA0721317A5300976025 /* PlacesCollectionViewCell.swift in Sources */ = {isa = PBXBuildFile; fileRef = 9055DA0621317A5300976025 /* PlacesCollectionViewCell.swift */; };
		9055DA0C21317B3800976025 /* PlacesCollectionViewController.swift in Sources */ = {isa = PBXBuildFile; fileRef = 9055DA0B21317B3800976025 /* PlacesCollectionViewController.swift */; };
		9055DA1021317C5C00976025 /* PlaceMapsViewController.swift in Sources */ = {isa = PBXBuildFile; fileRef = 9055DA0F21317C5C00976025 /* PlaceMapsViewController.swift */; };
		9055DA122132DF5C00976025 /* PlacesCategoryViewController.swift in Sources */ = {isa = PBXBuildFile; fileRef = 9055DA112132DF5C00976025 /* PlacesCategoryViewController.swift */; };
		9055DA14213321A200976025 /* PlacesCollectionViewController+Location.swift in Sources */ = {isa = PBXBuildFile; fileRef = 9055DA13213321A200976025 /* PlacesCollectionViewController+Location.swift */; };
		9055DA1621332BA000976025 /* PlacesCollectionViewController+Data.swift in Sources */ = {isa = PBXBuildFile; fileRef = 9055DA1521332BA000976025 /* PlacesCollectionViewController+Data.swift */; };
/* End PBXBuildFile section */

/* Begin PBXFileReference section */
		04B77B88D9B2A87664F9F066 /* Pods-PlacesInProximity.release.xcconfig */ = {isa = PBXFileReference; includeInIndex = 1; lastKnownFileType = text.xcconfig; name = "Pods-PlacesInProximity.release.xcconfig"; path = "Pods/Target Support Files/Pods-PlacesInProximity/Pods-PlacesInProximity.release.xcconfig"; sourceTree = "<group>"; };
		24291B45ADB3ED07470D6939 /* Pods-PlacesInProximity.debug.xcconfig */ = {isa = PBXFileReference; includeInIndex = 1; lastKnownFileType = text.xcconfig; name = "Pods-PlacesInProximity.debug.xcconfig"; path = "Pods/Target Support Files/Pods-PlacesInProximity/Pods-PlacesInProximity.debug.xcconfig"; sourceTree = "<group>"; };
		24CDF2D58ABBED5931190EC4 /* Pods_PlacesInProximity.framework */ = {isa = PBXFileReference; explicitFileType = wrapper.framework; includeInIndex = 0; path = Pods_PlacesInProximity.framework; sourceTree = BUILT_PRODUCTS_DIR; };
		9055D9D721315F2800976025 /* PlacesInProximity.app */ = {isa = PBXFileReference; explicitFileType = wrapper.application; includeInIndex = 0; path = PlacesInProximity.app; sourceTree = BUILT_PRODUCTS_DIR; };
		9055D9DA21315F2800976025 /* AppDelegate.swift */ = {isa = PBXFileReference; lastKnownFileType = sourcecode.swift; name = AppDelegate.swift; path = PlacesInProximity/AppDelegate.swift; sourceTree = SOURCE_ROOT; };
		9055D9DF21315F2800976025 /* Base */ = {isa = PBXFileReference; lastKnownFileType = file.storyboard; name = Base; path = Base.lproj/Main.storyboard; sourceTree = "<group>"; };
		9055D9E121315F2900976025 /* Assets.xcassets */ = {isa = PBXFileReference; lastKnownFileType = folder.assetcatalog; path = Assets.xcassets; sourceTree = "<group>"; };
		9055D9E421315F2900976025 /* Base */ = {isa = PBXFileReference; lastKnownFileType = file.storyboard; name = Base; path = Base.lproj/LaunchScreen.storyboard; sourceTree = "<group>"; };
		9055D9E621315F2900976025 /* Info.plist */ = {isa = PBXFileReference; lastKnownFileType = text.plist.xml; name = Info.plist; path = PlacesInProximity/Info.plist; sourceTree = SOURCE_ROOT; };
		9055D9EC2131664F00976025 /* README.md */ = {isa = PBXFileReference; fileEncoding = 4; lastKnownFileType = net.daringfireball.markdown; path = README.md; sourceTree = "<group>"; };
		9055D9F72131705B00976025 /* APIService.swift */ = {isa = PBXFileReference; lastKnownFileType = sourcecode.swift; path = APIService.swift; sourceTree = "<group>"; };
		9055D9FA213175AD00976025 /* AppUtility.swift */ = {isa = PBXFileReference; lastKnownFileType = sourcecode.swift; path = AppUtility.swift; sourceTree = "<group>"; };
		9055D9FC2131775D00976025 /* Places.swift */ = {isa = PBXFileReference; lastKnownFileType = sourcecode.swift; path = Places.swift; sourceTree = "<group>"; };
		9055D9FE2131776900976025 /* PlacesPhoto.swift */ = {isa = PBXFileReference; lastKnownFileType = sourcecode.swift; path = PlacesPhoto.swift; sourceTree = "<group>"; };
		9055DA002131779200976025 /* PlacesCategory.swift */ = {isa = PBXFileReference; lastKnownFileType = sourcecode.swift; path = PlacesCategory.swift; sourceTree = "<group>"; };
		9055DA022131779F00976025 /* PlacesResponse.swift */ = {isa = PBXFileReference; lastKnownFileType = sourcecode.swift; path = PlacesResponse.swift; sourceTree = "<group>"; };
		9055DA04213177B000976025 /* Reusable.swift */ = {isa = PBXFileReference; lastKnownFileType = sourcecode.swift; path = Reusable.swift; sourceTree = "<group>"; };
		9055DA0621317A5300976025 /* PlacesCollectionViewCell.swift */ = {isa = PBXFileReference; lastKnownFileType = sourcecode.swift; path = PlacesCollectionViewCell.swift; sourceTree = "<group>"; };
		9055DA0B21317B3800976025 /* PlacesCollectionViewController.swift */ = {isa = PBXFileReference; lastKnownFileType = sourcecode.swift; path = PlacesCollectionViewController.swift; sourceTree = "<group>"; };
		9055DA0F21317C5C00976025 /* PlaceMapsViewController.swift */ = {isa = PBXFileReference; lastKnownFileType = sourcecode.swift; path = PlaceMapsViewController.swift; sourceTree = "<group>"; };
		9055DA112132DF5C00976025 /* PlacesCategoryViewController.swift */ = {isa = PBXFileReference; lastKnownFileType = sourcecode.swift; path = PlacesCategoryViewController.swift; sourceTree = "<group>"; };
		9055DA13213321A200976025 /* PlacesCollectionViewController+Location.swift */ = {isa = PBXFileReference; lastKnownFileType = sourcecode.swift; path = "PlacesCollectionViewController+Location.swift"; sourceTree = "<group>"; };
		9055DA1521332BA000976025 /* PlacesCollectionViewController+Data.swift */ = {isa = PBXFileReference; lastKnownFileType = sourcecode.swift; path = "PlacesCollectionViewController+Data.swift"; sourceTree = "<group>"; };
/* End PBXFileReference section */

/* Begin PBXFrameworksBuildPhase section */
		9055D9D421315F2800976025 /* Frameworks */ = {
			isa = PBXFrameworksBuildPhase;
			buildActionMask = 2147483647;
			files = (
				034CE6A6D7101ADE24119C2B /* Pods_PlacesInProximity.framework in Frameworks */,
			);
			runOnlyForDeploymentPostprocessing = 0;
		};
/* End PBXFrameworksBuildPhase section */

/* Begin PBXGroup section */
		842C0AC887C2AB3ADCE55EBC /* Pods */ = {
			isa = PBXGroup;
			children = (
				24291B45ADB3ED07470D6939 /* Pods-PlacesInProximity.debug.xcconfig */,
				04B77B88D9B2A87664F9F066 /* Pods-PlacesInProximity.release.xcconfig */,
			);
			name = Pods;
			sourceTree = "<group>";
		};
		9055D9CE21315F2800976025 = {
			isa = PBXGroup;
			children = (
				9055D9EC2131664F00976025 /* README.md */,
				9055D9D921315F2800976025 /* PlacesInProximity */,
				9055D9D821315F2800976025 /* Products */,
				842C0AC887C2AB3ADCE55EBC /* Pods */,
				EFEBE99A22BAAB9E9A2E945B /* Frameworks */,
			);
			sourceTree = "<group>";
		};
		9055D9D821315F2800976025 /* Products */ = {
			isa = PBXGroup;
			children = (
				9055D9D721315F2800976025 /* PlacesInProximity.app */,
			);
			name = Products;
			sourceTree = "<group>";
		};
		9055D9D921315F2800976025 /* PlacesInProximity */ = {
			isa = PBXGroup;
			children = (
				9055D9DA21315F2800976025 /* AppDelegate.swift */,
				9055D9E621315F2900976025 /* Info.plist */,
				9055D9F121316E9A00976025 /* API */,
				9055D9F321316EBD00976025 /* Protocols */,
				9055D9F421316EE200976025 /* Model */,
				9055D9F521316EF400976025 /* View */,
				9055D9F621316F0200976025 /* Controller */,
				9055D9F92131758B00976025 /* Utility */,
				9055D9EE213166A900976025 /* Storyboards */,
				9055D9EF2131670F00976025 /* Assets */,
			);
			path = PlacesInProximity;
			sourceTree = "<group>";
		};
		9055D9EE213166A900976025 /* Storyboards */ = {
			isa = PBXGroup;
			children = (
				9055D9DE21315F2800976025 /* Main.storyboard */,
				9055D9E321315F2900976025 /* LaunchScreen.storyboard */,
			);
			name = Storyboards;
			path = PlacesInProximity/Storyboards;
			sourceTree = SOURCE_ROOT;
		};
		9055D9EF2131670F00976025 /* Assets */ = {
			isa = PBXGroup;
			children = (
				9055D9E121315F2900976025 /* Assets.xcassets */,
			);
			name = Assets;
			path = PlacesInProximity/Assets;
			sourceTree = SOURCE_ROOT;
		};
		9055D9F121316E9A00976025 /* API */ = {
			isa = PBXGroup;
			children = (
				9055D9F72131705B00976025 /* APIService.swift */,
			);
			path = API;
			sourceTree = "<group>";
		};
		9055D9F321316EBD00976025 /* Protocols */ = {
			isa = PBXGroup;
			children = (
				9055DA04213177B000976025 /* Reusable.swift */,
			);
			path = Protocols;
			sourceTree = "<group>";
		};
		9055D9F421316EE200976025 /* Model */ = {
			isa = PBXGroup;
			children = (
				9055D9FC2131775D00976025 /* Places.swift */,
				9055D9FE2131776900976025 /* PlacesPhoto.swift */,
				9055DA002131779200976025 /* PlacesCategory.swift */,
				9055DA022131779F00976025 /* PlacesResponse.swift */,
			);
			path = Model;
			sourceTree = "<group>";
		};
		9055D9F521316EF400976025 /* View */ = {
			isa = PBXGroup;
			children = (
				9055DA0621317A5300976025 /* PlacesCollectionViewCell.swift */,
			);
			path = View;
			sourceTree = "<group>";
		};
		9055D9F621316F0200976025 /* Controller */ = {
			isa = PBXGroup;
			children = (
				9055DA0A21317B1D00976025 /* PlacesCategory */,
				9055DA0821317AAD00976025 /* Places */,
				9055DA0921317ABB00976025 /* PlaceMaps */,
			);
			path = Controller;
			sourceTree = "<group>";
		};
		9055D9F92131758B00976025 /* Utility */ = {
			isa = PBXGroup;
			children = (
				9055D9FA213175AD00976025 /* AppUtility.swift */,
			);
			path = Utility;
			sourceTree = "<group>";
		};
		9055DA0821317AAD00976025 /* Places */ = {
			isa = PBXGroup;
			children = (
				9055DA0B21317B3800976025 /* PlacesCollectionViewController.swift */,
				9055DA1521332BA000976025 /* PlacesCollectionViewController+Data.swift */,
				9055DA13213321A200976025 /* PlacesCollectionViewController+Location.swift */,
			);
			path = Places;
			sourceTree = "<group>";
		};
		9055DA0921317ABB00976025 /* PlaceMaps */ = {
			isa = PBXGroup;
			children = (
				9055DA0F21317C5C00976025 /* PlaceMapsViewController.swift */,
			);
			path = PlaceMaps;
			sourceTree = "<group>";
		};
		9055DA0A21317B1D00976025 /* PlacesCategory */ = {
			isa = PBXGroup;
			children = (
				9055DA112132DF5C00976025 /* PlacesCategoryViewController.swift */,
			);
			path = PlacesCategory;
			sourceTree = "<group>";
		};
		EFEBE99A22BAAB9E9A2E945B /* Frameworks */ = {
			isa = PBXGroup;
			children = (
				24CDF2D58ABBED5931190EC4 /* Pods_PlacesInProximity.framework */,
			);
			name = Frameworks;
			sourceTree = "<group>";
		};
/* End PBXGroup section */

/* Begin PBXNativeTarget section */
		9055D9D621315F2800976025 /* PlacesInProximity */ = {
			isa = PBXNativeTarget;
			buildConfigurationList = 9055D9E921315F2900976025 /* Build configuration list for PBXNativeTarget "PlacesInProximity" */;
			buildPhases = (
				37952DFF33EF901746127C68 /* [CP] Check Pods Manifest.lock */,
				9055D9D321315F2800976025 /* Sources */,
				9055D9D421315F2800976025 /* Frameworks */,
				9055D9D521315F2800976025 /* Resources */,
				AC93541B41B8DA5D4C631313 /* [CP] Embed Pods Frameworks */,
				CB3136A70B30A7F995064C33 /* [CP] Copy Pods Resources */,
			);
			buildRules = (
			);
			dependencies = (
			);
			name = PlacesInProximity;
			productName = PlacesInProximity;
			productReference = 9055D9D721315F2800976025 /* PlacesInProximity.app */;
			productType = "com.apple.product-type.application";
		};
/* End PBXNativeTarget section */

/* Begin PBXProject section */
		9055D9CF21315F2800976025 /* Project object */ = {
			isa = PBXProject;
			attributes = {
				LastSwiftUpdateCheck = 0930;
				LastUpgradeCheck = 0930;
				ORGANIZATIONNAME = Subhodip;
				TargetAttributes = {
					9055D9D621315F2800976025 = {
						CreatedOnToolsVersion = 9.3.1;
					};
				};
			};
			buildConfigurationList = 9055D9D221315F2800976025 /* Build configuration list for PBXProject "PlacesInProximity" */;
			compatibilityVersion = "Xcode 9.3";
			developmentRegion = en;
			hasScannedForEncodings = 0;
			knownRegions = (
				en,
				Base,
			);
			mainGroup = 9055D9CE21315F2800976025;
			productRefGroup = 9055D9D821315F2800976025 /* Products */;
			projectDirPath = "";
			projectRoot = "";
			targets = (
				9055D9D621315F2800976025 /* PlacesInProximity */,
			);
		};
/* End PBXProject section */

/* Begin PBXResourcesBuildPhase section */
		9055D9D521315F2800976025 /* Resources */ = {
			isa = PBXResourcesBuildPhase;
			buildActionMask = 2147483647;
			files = (
				9055D9E521315F2900976025 /* LaunchScreen.storyboard in Resources */,
				9055D9E221315F2900976025 /* Assets.xcassets in Resources */,
				9055D9ED2131664F00976025 /* README.md in Resources */,
				9055D9E021315F2800976025 /* Main.storyboard in Resources */,
			);
			runOnlyForDeploymentPostprocessing = 0;
		};
/* End PBXResourcesBuildPhase section */

/* Begin PBXShellScriptBuildPhase section */
		37952DFF33EF901746127C68 /* [CP] Check Pods Manifest.lock */ = {
			isa = PBXShellScriptBuildPhase;
			buildActionMask = 2147483647;
			files = (
			);
			inputPaths = (
				"${PODS_PODFILE_DIR_PATH}/Podfile.lock",
				"${PODS_ROOT}/Manifest.lock",
			);
			name = "[CP] Check Pods Manifest.lock";
			outputPaths = (
				"$(DERIVED_FILE_DIR)/Pods-PlacesInProximity-checkManifestLockResult.txt",
			);
			runOnlyForDeploymentPostprocessing = 0;
			shellPath = /bin/sh;
			shellScript = "diff \"${PODS_PODFILE_DIR_PATH}/Podfile.lock\" \"${PODS_ROOT}/Manifest.lock\" > /dev/null\nif [ $? != 0 ] ; then\n    # print error to STDERR\n    echo \"error: The sandbox is not in sync with the Podfile.lock. Run 'pod install' or update your CocoaPods installation.\" >&2\n    exit 1\nfi\n# This output is used by Xcode 'outputs' to avoid re-running this script phase.\necho \"SUCCESS\" > \"${SCRIPT_OUTPUT_FILE_0}\"\n";
			showEnvVarsInLog = 0;
		};
		AC93541B41B8DA5D4C631313 /* [CP] Embed Pods Frameworks */ = {
			isa = PBXShellScriptBuildPhase;
			buildActionMask = 2147483647;
			files = (
			);
			inputPaths = (
				"${SRCROOT}/Pods/Target Support Files/Pods-PlacesInProximity/Pods-PlacesInProximity-frameworks.sh",
				"${BUILT_PRODUCTS_DIR}/Alamofire/Alamofire.framework",
				"${BUILT_PRODUCTS_DIR}/AlamofireImage/AlamofireImage.framework",
				"${BUILT_PRODUCTS_DIR}/IQKeyboardManagerSwift/IQKeyboardManagerSwift.framework",
			);
			name = "[CP] Embed Pods Frameworks";
			outputPaths = (
				"${TARGET_BUILD_DIR}/${FRAMEWORKS_FOLDER_PATH}/Alamofire.framework",
				"${TARGET_BUILD_DIR}/${FRAMEWORKS_FOLDER_PATH}/AlamofireImage.framework",
				"${TARGET_BUILD_DIR}/${FRAMEWORKS_FOLDER_PATH}/IQKeyboardManagerSwift.framework",
			);
			runOnlyForDeploymentPostprocessing = 0;
			shellPath = /bin/sh;
			shellScript = "\"${SRCROOT}/Pods/Target Support Files/Pods-PlacesInProximity/Pods-PlacesInProximity-frameworks.sh\"\n";
			showEnvVarsInLog = 0;
		};
		CB3136A70B30A7F995064C33 /* [CP] Copy Pods Resources */ = {
			isa = PBXShellScriptBuildPhase;
			buildActionMask = 2147483647;
			files = (
			);
			inputPaths = (
				"${SRCROOT}/Pods/Target Support Files/Pods-PlacesInProximity/Pods-PlacesInProximity-resources.sh",
				"${PODS_ROOT}/GoogleMaps/Maps/Frameworks/GoogleMaps.framework/Resources/GoogleMaps.bundle",
			);
			name = "[CP] Copy Pods Resources";
			outputPaths = (
				"${TARGET_BUILD_DIR}/${UNLOCALIZED_RESOURCES_FOLDER_PATH}/GoogleMaps.bundle",
			);
			runOnlyForDeploymentPostprocessing = 0;
			shellPath = /bin/sh;
			shellScript = "\"${SRCROOT}/Pods/Target Support Files/Pods-PlacesInProximity/Pods-PlacesInProximity-resources.sh\"\n";
			showEnvVarsInLog = 0;
		};
/* End PBXShellScriptBuildPhase section */

/* Begin PBXSourcesBuildPhase section */
		9055D9D321315F2800976025 /* Sources */ = {
			isa = PBXSourcesBuildPhase;
			buildActionMask = 2147483647;
			files = (
				9055DA1021317C5C00976025 /* PlaceMapsViewController.swift in Sources */,
				9055DA14213321A200976025 /* PlacesCollectionViewController+Location.swift in Sources */,
				9055DA0721317A5300976025 /* PlacesCollectionViewCell.swift in Sources */,
				9055D9FF2131776900976025 /* PlacesPhoto.swift in Sources */,
				9055D9FD2131775D00976025 /* Places.swift in Sources */,
				9055D9FB213175AD00976025 /* AppUtility.swift in Sources */,
				9055DA05213177B000976025 /* Reusable.swift in Sources */,
				9055DA122132DF5C00976025 /* PlacesCategoryViewController.swift in Sources */,
				9055DA1621332BA000976025 /* PlacesCollectionViewController+Data.swift in Sources */,
				9055D9F82131705B00976025 /* APIService.swift in Sources */,
				9055DA012131779200976025 /* PlacesCategory.swift in Sources */,
				9055DA032131779F00976025 /* PlacesResponse.swift in Sources */,
				9055DA0C21317B3800976025 /* PlacesCollectionViewController.swift in Sources */,
				9055D9DB21315F2800976025 /* AppDelegate.swift in Sources */,
			);
			runOnlyForDeploymentPostprocessing = 0;
		};
/* End PBXSourcesBuildPhase section */

/* Begin PBXVariantGroup section */
		9055D9DE21315F2800976025 /* Main.storyboard */ = {
			isa = PBXVariantGroup;
			children = (
				9055D9DF21315F2800976025 /* Base */,
			);
			name = Main.storyboard;
			path = PlacesInProximity/Storyboards;
			sourceTree = SOURCE_ROOT;
		};
		9055D9E321315F2900976025 /* LaunchScreen.storyboard */ = {
			isa = PBXVariantGroup;
			children = (
				9055D9E421315F2900976025 /* Base */,
			);
			name = LaunchScreen.storyboard;
			path = PlacesInProximity/Storyboards;
			sourceTree = SOURCE_ROOT;
		};
/* End PBXVariantGroup section */

/* Begin XCBuildConfiguration section */
		9055D9E721315F2900976025 /* Debug */ = {
			isa = XCBuildConfiguration;
			buildSettings = {
				ALWAYS_SEARCH_USER_PATHS = NO;
				CLANG_ANALYZER_NONNULL = YES;
				CLANG_ANALYZER_NUMBER_OBJECT_CONVERSION = YES_AGGRESSIVE;
				CLANG_CXX_LANGUAGE_STANDARD = "gnu++14";
				CLANG_CXX_LIBRARY = "libc++";
				CLANG_ENABLE_MODULES = YES;
				CLANG_ENABLE_OBJC_ARC = YES;
				CLANG_ENABLE_OBJC_WEAK = YES;
				CLANG_WARN_BLOCK_CAPTURE_AUTORELEASING = YES;
				CLANG_WARN_BOOL_CONVERSION = YES;
				CLANG_WARN_COMMA = YES;
				CLANG_WARN_CONSTANT_CONVERSION = YES;
				CLANG_WARN_DEPRECATED_OBJC_IMPLEMENTATIONS = YES;
				CLANG_WARN_DIRECT_OBJC_ISA_USAGE = YES_ERROR;
				CLANG_WARN_DOCUMENTATION_COMMENTS = YES;
				CLANG_WARN_EMPTY_BODY = YES;
				CLANG_WARN_ENUM_CONVERSION = YES;
				CLANG_WARN_INFINITE_RECURSION = YES;
				CLANG_WARN_INT_CONVERSION = YES;
				CLANG_WARN_NON_LITERAL_NULL_CONVERSION = YES;
				CLANG_WARN_OBJC_IMPLICIT_RETAIN_SELF = YES;
				CLANG_WARN_OBJC_LITERAL_CONVERSION = YES;
				CLANG_WARN_OBJC_ROOT_CLASS = YES_ERROR;
				CLANG_WARN_RANGE_LOOP_ANALYSIS = YES;
				CLANG_WARN_STRICT_PROTOTYPES = YES;
				CLANG_WARN_SUSPICIOUS_MOVE = YES;
				CLANG_WARN_UNGUARDED_AVAILABILITY = YES_AGGRESSIVE;
				CLANG_WARN_UNREACHABLE_CODE = YES;
				CLANG_WARN__DUPLICATE_METHOD_MATCH = YES;
				CODE_SIGN_IDENTITY = "iPhone Developer";
				COPY_PHASE_STRIP = NO;
				DEBUG_INFORMATION_FORMAT = dwarf;
				ENABLE_STRICT_OBJC_MSGSEND = YES;
				ENABLE_TESTABILITY = YES;
				GCC_C_LANGUAGE_STANDARD = gnu11;
				GCC_DYNAMIC_NO_PIC = NO;
				GCC_NO_COMMON_BLOCKS = YES;
				GCC_OPTIMIZATION_LEVEL = 0;
				GCC_PREPROCESSOR_DEFINITIONS = (
					"DEBUG=1",
					"$(inherited)",
				);
				GCC_WARN_64_TO_32_BIT_CONVERSION = YES;
				GCC_WARN_ABOUT_RETURN_TYPE = YES_ERROR;
				GCC_WARN_UNDECLARED_SELECTOR = YES;
				GCC_WARN_UNINITIALIZED_AUTOS = YES_AGGRESSIVE;
				GCC_WARN_UNUSED_FUNCTION = YES;
				GCC_WARN_UNUSED_VARIABLE = YES;
				IPHONEOS_DEPLOYMENT_TARGET = 11.3;
				MTL_ENABLE_DEBUG_INFO = YES;
				ONLY_ACTIVE_ARCH = YES;
				SDKROOT = iphoneos;
				SWIFT_ACTIVE_COMPILATION_CONDITIONS = DEBUG;
				SWIFT_OPTIMIZATION_LEVEL = "-Onone";
			};
			name = Debug;
		};
		9055D9E821315F2900976025 /* Release */ = {
			isa = XCBuildConfiguration;
			buildSettings = {
				ALWAYS_SEARCH_USER_PATHS = NO;
				CLANG_ANALYZER_NONNULL = YES;
				CLANG_ANALYZER_NUMBER_OBJECT_CONVERSION = YES_AGGRESSIVE;
				CLANG_CXX_LANGUAGE_STANDARD = "gnu++14";
				CLANG_CXX_LIBRARY = "libc++";
				CLANG_ENABLE_MODULES = YES;
				CLANG_ENABLE_OBJC_ARC = YES;
				CLANG_ENABLE_OBJC_WEAK = YES;
				CLANG_WARN_BLOCK_CAPTURE_AUTORELEASING = YES;
				CLANG_WARN_BOOL_CONVERSION = YES;
				CLANG_WARN_COMMA = YES;
				CLANG_WARN_CONSTANT_CONVERSION = YES;
				CLANG_WARN_DEPRECATED_OBJC_IMPLEMENTATIONS = YES;
				CLANG_WARN_DIRECT_OBJC_ISA_USAGE = YES_ERROR;
				CLANG_WARN_DOCUMENTATION_COMMENTS = YES;
				CLANG_WARN_EMPTY_BODY = YES;
				CLANG_WARN_ENUM_CONVERSION = YES;
				CLANG_WARN_INFINITE_RECURSION = YES;
				CLANG_WARN_INT_CONVERSION = YES;
				CLANG_WARN_NON_LITERAL_NULL_CONVERSION = YES;
				CLANG_WARN_OBJC_IMPLICIT_RETAIN_SELF = YES;
				CLANG_WARN_OBJC_LITERAL_CONVERSION = YES;
				CLANG_WARN_OBJC_ROOT_CLASS = YES_ERROR;
				CLANG_WARN_RANGE_LOOP_ANALYSIS = YES;
				CLANG_WARN_STRICT_PROTOTYPES = YES;
				CLANG_WARN_SUSPICIOUS_MOVE = YES;
				CLANG_WARN_UNGUARDED_AVAILABILITY = YES_AGGRESSIVE;
				CLANG_WARN_UNREACHABLE_CODE = YES;
				CLANG_WARN__DUPLICATE_METHOD_MATCH = YES;
				CODE_SIGN_IDENTITY = "iPhone Developer";
				COPY_PHASE_STRIP = NO;
				DEBUG_INFORMATION_FORMAT = "dwarf-with-dsym";
				ENABLE_NS_ASSERTIONS = NO;
				ENABLE_STRICT_OBJC_MSGSEND = YES;
				GCC_C_LANGUAGE_STANDARD = gnu11;
				GCC_NO_COMMON_BLOCKS = YES;
				GCC_WARN_64_TO_32_BIT_CONVERSION = YES;
				GCC_WARN_ABOUT_RETURN_TYPE = YES_ERROR;
				GCC_WARN_UNDECLARED_SELECTOR = YES;
				GCC_WARN_UNINITIALIZED_AUTOS = YES_AGGRESSIVE;
				GCC_WARN_UNUSED_FUNCTION = YES;
				GCC_WARN_UNUSED_VARIABLE = YES;
				IPHONEOS_DEPLOYMENT_TARGET = 11.3;
				MTL_ENABLE_DEBUG_INFO = NO;
				SDKROOT = iphoneos;
				SWIFT_COMPILATION_MODE = wholemodule;
				SWIFT_OPTIMIZATION_LEVEL = "-O";
				VALIDATE_PRODUCT = YES;
			};
			name = Release;
		};
		9055D9EA21315F2900976025 /* Debug */ = {
			isa = XCBuildConfiguration;
			baseConfigurationReference = 24291B45ADB3ED07470D6939 /* Pods-PlacesInProximity.debug.xcconfig */;
			buildSettings = {
				ASSETCATALOG_COMPILER_APPICON_NAME = AppIcon;
				CODE_SIGN_STYLE = Automatic;
				INFOPLIST_FILE = PlacesInProximity/Info.plist;
				LD_RUNPATH_SEARCH_PATHS = (
					"$(inherited)",
					"@executable_path/Frameworks",
				);
				PRODUCT_BUNDLE_IDENTIFIER = com.abc.PlacesInProximity;
				PRODUCT_NAME = "$(TARGET_NAME)";
				SWIFT_VERSION = 4.0;
				TARGETED_DEVICE_FAMILY = "1,2";
			};
			name = Debug;
		};
		9055D9EB21315F2900976025 /* Release */ = {
			isa = XCBuildConfiguration;
			baseConfigurationReference = 04B77B88D9B2A87664F9F066 /* Pods-PlacesInProximity.release.xcconfig */;
			buildSettings = {
				ASSETCATALOG_COMPILER_APPICON_NAME = AppIcon;
				CODE_SIGN_STYLE = Automatic;
				INFOPLIST_FILE = PlacesInProximity/Info.plist;
				LD_RUNPATH_SEARCH_PATHS = (
					"$(inherited)",
					"@executable_path/Frameworks",
				);
				PRODUCT_BUNDLE_IDENTIFIER = com.abc.PlacesInProximity;
				PRODUCT_NAME = "$(TARGET_NAME)";
				SWIFT_VERSION = 4.0;
				TARGETED_DEVICE_FAMILY = "1,2";
			};
			name = Release;
		};
/* End XCBuildConfiguration section */

/* Begin XCConfigurationList section */
		9055D9D221315F2800976025 /* Build configuration list for PBXProject "PlacesInProximity" */ = {
			isa = XCConfigurationList;
			buildConfigurations = (
				9055D9E721315F2900976025 /* Debug */,
				9055D9E821315F2900976025 /* Release */,
			);
			defaultConfigurationIsVisible = 0;
			defaultConfigurationName = Release;
		};
		9055D9E921315F2900976025 /* Build configuration list for PBXNativeTarget "PlacesInProximity" */ = {
			isa = XCConfigurationList;
			buildConfigurations = (
				9055D9EA21315F2900976025 /* Debug */,
				9055D9EB21315F2900976025 /* Release */,
			);
			defaultConfigurationIsVisible = 0;
			defaultConfigurationName = Release;
		};
/* End XCConfigurationList section */
	};
	rootObject = 9055D9CF21315F2800976025 /* Project object */;
}
